// !$*UTF8*$!
{
	archiveVersion = 1;
	classes = {
	};
	objectVersion = 50;
	objects = {

/* Begin PBXBuildFile section */
		F48ACB91275605520033A8E0 /* AppDelegate.swift in Sources */ = {isa = PBXBuildFile; fileRef = F48ACB90275605520033A8E0 /* AppDelegate.swift */; };
		F48ACB93275605520033A8E0 /* SceneDelegate.swift in Sources */ = {isa = PBXBuildFile; fileRef = F48ACB92275605520033A8E0 /* SceneDelegate.swift */; };
		F48ACB95275605520033A8E0 /* ViewController.swift in Sources */ = {isa = PBXBuildFile; fileRef = F48ACB94275605520033A8E0 /* ViewController.swift */; };
		F48ACB98275605520033A8E0 /* Main.storyboard in Resources */ = {isa = PBXBuildFile; fileRef = F48ACB96275605520033A8E0 /* Main.storyboard */; };
		F48ACB9A275605530033A8E0 /* Assets.xcassets in Resources */ = {isa = PBXBuildFile; fileRef = F48ACB99275605530033A8E0 /* Assets.xcassets */; };
		F48ACB9D275605540033A8E0 /* LaunchScreen.storyboard in Resources */ = {isa = PBXBuildFile; fileRef = F48ACB9B275605540033A8E0 /* LaunchScreen.storyboard */; };
		F48ACBA8275605540033A8E0 /* SizeClassTests.swift in Sources */ = {isa = PBXBuildFile; fileRef = F48ACBA7275605540033A8E0 /* SizeClassTests.swift */; };
		F48ACBB3275605540033A8E0 /* SizeClassUITests.swift in Sources */ = {isa = PBXBuildFile; fileRef = F48ACBB2275605540033A8E0 /* SizeClassUITests.swift */; };
/* End PBXBuildFile section */

/* Begin PBXContainerItemProxy section */
		F48ACBA4275605540033A8E0 /* PBXContainerItemProxy */ = {
			isa = PBXContainerItemProxy;
			containerPortal = F48ACB85275605520033A8E0 /* Project object */;
			proxyType = 1;
			remoteGlobalIDString = F48ACB8C275605520033A8E0;
			remoteInfo = SizeClass;
		};
		F48ACBAF275605540033A8E0 /* PBXContainerItemProxy */ = {
			isa = PBXContainerItemProxy;
			containerPortal = F48ACB85275605520033A8E0 /* Project object */;
			proxyType = 1;
			remoteGlobalIDString = F48ACB8C275605520033A8E0;
			remoteInfo = SizeClass;
		};
/* End PBXContainerItemProxy section */

/* Begin PBXFileReference section */
		F48ACB8D275605520033A8E0 /* SizeClass.app */ = {isa = PBXFileReference; explicitFileType = wrapper.application; includeInIndex = 0; path = SizeClass.app; sourceTree = BUILT_PRODUCTS_DIR; };
		F48ACB90275605520033A8E0 /* AppDelegate.swift */ = {isa = PBXFileReference; lastKnownFileType = sourcecode.swift; path = AppDelegate.swift; sourceTree = "<group>"; };
		F48ACB92275605520033A8E0 /* SceneDelegate.swift */ = {isa = PBXFileReference; lastKnownFileType = sourcecode.swift; path = SceneDelegate.swift; sourceTree = "<group>"; };
		F48ACB94275605520033A8E0 /* ViewController.swift */ = {isa = PBXFileReference; lastKnownFileType = sourcecode.swift; path = ViewController.swift; sourceTree = "<group>"; };
		F48ACB97275605520033A8E0 /* Base */ = {isa = PBXFileReference; lastKnownFileType = file.storyboard; name = Base; path = Base.lproj/Main.storyboard; sourceTree = "<group>"; };
		F48ACB99275605530033A8E0 /* Assets.xcassets */ = {isa = PBXFileReference; lastKnownFileType = folder.assetcatalog; path = Assets.xcassets; sourceTree = "<group>"; };
		F48ACB9C275605540033A8E0 /* Base */ = {isa = PBXFileReference; lastKnownFileType = file.storyboard; name = Base; path = Base.lproj/LaunchScreen.storyboard; sourceTree = "<group>"; };
		F48ACB9E275605540033A8E0 /* Info.plist */ = {isa = PBXFileReference; lastKnownFileType = text.plist.xml; path = Info.plist; sourceTree = "<group>"; };
		F48ACBA3275605540033A8E0 /* SizeClassTests.xctest */ = {isa = PBXFileReference; explicitFileType = wrapper.cfbundle; includeInIndex = 0; path = SizeClassTests.xctest; sourceTree = BUILT_PRODUCTS_DIR; };
		F48ACBA7275605540033A8E0 /* SizeClassTests.swift */ = {isa = PBXFileReference; lastKnownFileType = sourcecode.swift; path = SizeClassTests.swift; sourceTree = "<group>"; };
		F48ACBA9275605540033A8E0 /* Info.plist */ = {isa = PBXFileReference; lastKnownFileType = text.plist.xml; path = Info.plist; sourceTree = "<group>"; };
		F48ACBAE275605540033A8E0 /* SizeClassUITests.xctest */ = {isa = PBXFileReference; explicitFileType = wrapper.cfbundle; includeInIndex = 0; path = SizeClassUITests.xctest; sourceTree = BUILT_PRODUCTS_DIR; };
		F48ACBB2275605540033A8E0 /* SizeClassUITests.swift */ = {isa = PBXFileReference; lastKnownFileType = sourcecode.swift; path = SizeClassUITests.swift; sourceTree = "<group>"; };
		F48ACBB4275605540033A8E0 /* Info.plist */ = {isa = PBXFileReference; lastKnownFileType = text.plist.xml; path = Info.plist; sourceTree = "<group>"; };
/* End PBXFileReference section */

/* Begin PBXFrameworksBuildPhase section */
		F48ACB8A275605520033A8E0 /* Frameworks */ = {
			isa = PBXFrameworksBuildPhase;
			buildActionMask = 2147483647;
			files = (
			);
			runOnlyForDeploymentPostprocessing = 0;
		};
		F48ACBA0275605540033A8E0 /* Frameworks */ = {
			isa = PBXFrameworksBuildPhase;
			buildActionMask = 2147483647;
			files = (
			);
			runOnlyForDeploymentPostprocessing = 0;
		};
		F48ACBAB275605540033A8E0 /* Frameworks */ = {
			isa = PBXFrameworksBuildPhase;
			buildActionMask = 2147483647;
			files = (
			);
			runOnlyForDeploymentPostprocessing = 0;
		};
/* End PBXFrameworksBuildPhase section */

/* Begin PBXGroup section */
		F48ACB84275605520033A8E0 = {
			isa = PBXGroup;
			children = (
				F48ACB8F275605520033A8E0 /* SizeClass */,
				F48ACBA6275605540033A8E0 /* SizeClassTests */,
				F48ACBB1275605540033A8E0 /* SizeClassUITests */,
				F48ACB8E275605520033A8E0 /* Products */,
			);
			sourceTree = "<group>";
		};
		F48ACB8E275605520033A8E0 /* Products */ = {
			isa = PBXGroup;
			children = (
				F48ACB8D275605520033A8E0 /* SizeClass.app */,
				F48ACBA3275605540033A8E0 /* SizeClassTests.xctest */,
				F48ACBAE275605540033A8E0 /* SizeClassUITests.xctest */,
			);
			name = Products;
			sourceTree = "<group>";
		};
		F48ACB8F275605520033A8E0 /* SizeClass */ = {
			isa = PBXGroup;
			children = (
				F48ACB90275605520033A8E0 /* AppDelegate.swift */,
				F48ACB92275605520033A8E0 /* SceneDelegate.swift */,
				F48ACB94275605520033A8E0 /* ViewController.swift */,
				F48ACB96275605520033A8E0 /* Main.storyboard */,
				F48ACB99275605530033A8E0 /* Assets.xcassets */,
				F48ACB9B275605540033A8E0 /* LaunchScreen.storyboard */,
				F48ACB9E275605540033A8E0 /* Info.plist */,
			);
			path = SizeClass;
			sourceTree = "<group>";
		};
		F48ACBA6275605540033A8E0 /* SizeClassTests */ = {
			isa = PBXGroup;
			children = (
				F48ACBA7275605540033A8E0 /* SizeClassTests.swift */,
				F48ACBA9275605540033A8E0 /* Info.plist */,
			);
			path = SizeClassTests;
			sourceTree = "<group>";
		};
		F48ACBB1275605540033A8E0 /* SizeClassUITests */ = {
			isa = PBXGroup;
			children = (
				F48ACBB2275605540033A8E0 /* SizeClassUITests.swift */,
				F48ACBB4275605540033A8E0 /* Info.plist */,
			);
			path = SizeClassUITests;
			sourceTree = "<group>";
		};
/* End PBXGroup section */

/* Begin PBXNativeTarget section */
		F48ACB8C275605520033A8E0 /* SizeClass */ = {
			isa = PBXNativeTarget;
			buildConfigurationList = F48ACBB7275605540033A8E0 /* Build configuration list for PBXNativeTarget "SizeClass" */;
			buildPhases = (
				F48ACB89275605520033A8E0 /* Sources */,
				F48ACB8A275605520033A8E0 /* Frameworks */,
				F48ACB8B275605520033A8E0 /* Resources */,
			);
			buildRules = (
			);
			dependencies = (
			);
			name = SizeClass;
			productName = SizeClass;
			productReference = F48ACB8D275605520033A8E0 /* SizeClass.app */;
			productType = "com.apple.product-type.application";
		};
		F48ACBA2275605540033A8E0 /* SizeClassTests */ = {
			isa = PBXNativeTarget;
			buildConfigurationList = F48ACBBA275605540033A8E0 /* Build configuration list for PBXNativeTarget "SizeClassTests" */;
			buildPhases = (
				F48ACB9F275605540033A8E0 /* Sources */,
				F48ACBA0275605540033A8E0 /* Frameworks */,
				F48ACBA1275605540033A8E0 /* Resources */,
			);
			buildRules = (
			);
			dependencies = (
				F48ACBA5275605540033A8E0 /* PBXTargetDependency */,
			);
			name = SizeClassTests;
			productName = SizeClassTests;
			productReference = F48ACBA3275605540033A8E0 /* SizeClassTests.xctest */;
			productType = "com.apple.product-type.bundle.unit-test";
		};
		F48ACBAD275605540033A8E0 /* SizeClassUITests */ = {
			isa = PBXNativeTarget;
			buildConfigurationList = F48ACBBD275605540033A8E0 /* Build configuration list for PBXNativeTarget "SizeClassUITests" */;
			buildPhases = (
				F48ACBAA275605540033A8E0 /* Sources */,
				F48ACBAB275605540033A8E0 /* Frameworks */,
				F48ACBAC275605540033A8E0 /* Resources */,
			);
			buildRules = (
			);
			dependencies = (
				F48ACBB0275605540033A8E0 /* PBXTargetDependency */,
			);
			name = SizeClassUITests;
			productName = SizeClassUITests;
			productReference = F48ACBAE275605540033A8E0 /* SizeClassUITests.xctest */;
			productType = "com.apple.product-type.bundle.ui-testing";
		};
/* End PBXNativeTarget section */

/* Begin PBXProject section */
		F48ACB85275605520033A8E0 /* Project object */ = {
			isa = PBXProject;
			attributes = {
				LastSwiftUpdateCheck = 1240;
				LastUpgradeCheck = 1240;
				TargetAttributes = {
					F48ACB8C275605520033A8E0 = {
						CreatedOnToolsVersion = 12.4;
					};
					F48ACBA2275605540033A8E0 = {
						CreatedOnToolsVersion = 12.4;
						TestTargetID = F48ACB8C275605520033A8E0;
					};
					F48ACBAD275605540033A8E0 = {
						CreatedOnToolsVersion = 12.4;
						TestTargetID = F48ACB8C275605520033A8E0;
					};
				};
			};
			buildConfigurationList = F48ACB88275605520033A8E0 /* Build configuration list for PBXProject "SizeClass" */;
			compatibilityVersion = "Xcode 9.3";
			developmentRegion = en;
			hasScannedForEncodings = 0;
			knownRegions = (
				en,
				Base,
			);
			mainGroup = F48ACB84275605520033A8E0;
			productRefGroup = F48ACB8E275605520033A8E0 /* Products */;
			projectDirPath = "";
			projectRoot = "";
			targets = (
				F48ACB8C275605520033A8E0 /* SizeClass */,
				F48ACBA2275605540033A8E0 /* SizeClassTests */,
				F48ACBAD275605540033A8E0 /* SizeClassUITests */,
			);
		};
/* End PBXProject section */

/* Begin PBXResourcesBuildPhase section */
		F48ACB8B275605520033A8E0 /* Resources */ = {
			isa = PBXResourcesBuildPhase;
			buildActionMask = 2147483647;
			files = (
				F48ACB9D275605540033A8E0 /* LaunchScreen.storyboard in Resources */,
				F48ACB9A275605530033A8E0 /* Assets.xcassets in Resources */,
				F48ACB98275605520033A8E0 /* Main.storyboard in Resources */,
			);
			runOnlyForDeploymentPostprocessing = 0;
		};
		F48ACBA1275605540033A8E0 /* Resources */ = {
			isa = PBXResourcesBuildPhase;
			buildActionMask = 2147483647;
			files = (
			);
			runOnlyForDeploymentPostprocessing = 0;
		};
		F48ACBAC275605540033A8E0 /* Resources */ = {
			isa = PBXResourcesBuildPhase;
			buildActionMask = 2147483647;
			files = (
			);
			runOnlyForDeploymentPostprocessing = 0;
		};
/* End PBXResourcesBuildPhase section */

/* Begin PBXSourcesBuildPhase section */
		F48ACB89275605520033A8E0 /* Sources */ = {
			isa = PBXSourcesBuildPhase;
			buildActionMask = 2147483647;
			files = (
				F48ACB95275605520033A8E0 /* ViewController.swift in Sources */,
				F48ACB91275605520033A8E0 /* AppDelegate.swift in Sources */,
				F48ACB93275605520033A8E0 /* SceneDelegate.swift in Sources */,
			);
			runOnlyForDeploymentPostprocessing = 0;
		};
		F48ACB9F275605540033A8E0 /* Sources */ = {
			isa = PBXSourcesBuildPhase;
			buildActionMask = 2147483647;
			files = (
				F48ACBA8275605540033A8E0 /* SizeClassTests.swift in Sources */,
			);
			runOnlyForDeploymentPostprocessing = 0;
		};
		F48ACBAA275605540033A8E0 /* Sources */ = {
			isa = PBXSourcesBuildPhase;
			buildActionMask = 2147483647;
			files = (
				F48ACBB3275605540033A8E0 /* SizeClassUITests.swift in Sources */,
			);
			runOnlyForDeploymentPostprocessing = 0;
		};
/* End PBXSourcesBuildPhase section */

/* Begin PBXTargetDependency section */
		F48ACBA5275605540033A8E0 /* PBXTargetDependency */ = {
			isa = PBXTargetDependency;
			target = F48ACB8C275605520033A8E0 /* SizeClass */;
			targetProxy = F48ACBA4275605540033A8E0 /* PBXContainerItemProxy */;
		};
		F48ACBB0275605540033A8E0 /* PBXTargetDependency */ = {
			isa = PBXTargetDependency;
			target = F48ACB8C275605520033A8E0 /* SizeClass */;
			targetProxy = F48ACBAF275605540033A8E0 /* PBXContainerItemProxy */;
		};
/* End PBXTargetDependency section */

/* Begin PBXVariantGroup section */
		F48ACB96275605520033A8E0 /* Main.storyboard */ = {
			isa = PBXVariantGroup;
			children = (
				F48ACB97275605520033A8E0 /* Base */,
			);
			name = Main.storyboard;
			sourceTree = "<group>";
		};
		F48ACB9B275605540033A8E0 /* LaunchScreen.storyboard */ = {
			isa = PBXVariantGroup;
			children = (
				F48ACB9C275605540033A8E0 /* Base */,
			);
			name = LaunchScreen.storyboard;
			sourceTree = "<group>";
		};
/* End PBXVariantGroup section */

/* Begin XCBuildConfiguration section */
		F48ACBB5275605540033A8E0 /* Debug */ = {
			isa = XCBuildConfiguration;
			buildSettings = {
				ALWAYS_SEARCH_USER_PATHS = NO;
				CLANG_ANALYZER_NONNULL = YES;
				CLANG_ANALYZER_NUMBER_OBJECT_CONVERSION = YES_AGGRESSIVE;
				CLANG_CXX_LANGUAGE_STANDARD = "gnu++14";
				CLANG_CXX_LIBRARY = "libc++";
				CLANG_ENABLE_MODULES = YES;
				CLANG_ENABLE_OBJC_ARC = YES;
				CLANG_ENABLE_OBJC_WEAK = YES;
				CLANG_WARN_BLOCK_CAPTURE_AUTORELEASING = YES;
				CLANG_WARN_BOOL_CONVERSION = YES;
				CLANG_WARN_COMMA = YES;
				CLANG_WARN_CONSTANT_CONVERSION = YES;
				CLANG_WARN_DEPRECATED_OBJC_IMPLEMENTATIONS = YES;
				CLANG_WARN_DIRECT_OBJC_ISA_USAGE = YES_ERROR;
				CLANG_WARN_DOCUMENTATION_COMMENTS = YES;
				CLANG_WARN_EMPTY_BODY = YES;
				CLANG_WARN_ENUM_CONVERSION = YES;
				CLANG_WARN_INFINITE_RECURSION = YES;
				CLANG_WARN_INT_CONVERSION = YES;
				CLANG_WARN_NON_LITERAL_NULL_CONVERSION = YES;
				CLANG_WARN_OBJC_IMPLICIT_RETAIN_SELF = YES;
				CLANG_WARN_OBJC_LITERAL_CONVERSION = YES;
				CLANG_WARN_OBJC_ROOT_CLASS = YES_ERROR;
				CLANG_WARN_QUOTED_INCLUDE_IN_FRAMEWORK_HEADER = YES;
				CLANG_WARN_RANGE_LOOP_ANALYSIS = YES;
				CLANG_WARN_STRICT_PROTOTYPES = YES;
				CLANG_WARN_SUSPICIOUS_MOVE = YES;
				CLANG_WARN_UNGUARDED_AVAILABILITY = YES_AGGRESSIVE;
				CLANG_WARN_UNREACHABLE_CODE = YES;
				CLANG_WARN__DUPLICATE_METHOD_MATCH = YES;
				COPY_PHASE_STRIP = NO;
				DEBUG_INFORMATION_FORMAT = dwarf;
				ENABLE_STRICT_OBJC_MSGSEND = YES;
				ENABLE_TESTABILITY = YES;
				GCC_C_LANGUAGE_STANDARD = gnu11;
				GCC_DYNAMIC_NO_PIC = NO;
				GCC_NO_COMMON_BLOCKS = YES;
				GCC_OPTIMIZATION_LEVEL = 0;
				GCC_PREPROCESSOR_DEFINITIONS = (
					"DEBUG=1",
					"$(inherited)",
				);
				GCC_WARN_64_TO_32_BIT_CONVERSION = YES;
				GCC_WARN_ABOUT_RETURN_TYPE = YES_ERROR;
				GCC_WARN_UNDECLARED_SELECTOR = YES;
				GCC_WARN_UNINITIALIZED_AUTOS = YES_AGGRESSIVE;
				GCC_WARN_UNUSED_FUNCTION = YES;
				GCC_WARN_UNUSED_VARIABLE = YES;
				IPHONEOS_DEPLOYMENT_TARGET = 14.4;
				MTL_ENABLE_DEBUG_INFO = INCLUDE_SOURCE;
				MTL_FAST_MATH = YES;
				ONLY_ACTIVE_ARCH = YES;
				SDKROOT = iphoneos;
				SWIFT_ACTIVE_COMPILATION_CONDITIONS = DEBUG;
				SWIFT_OPTIMIZATION_LEVEL = "-Onone";
			};
			name = Debug;
		};
		F48ACBB6275605540033A8E0 /* Release */ = {
			isa = XCBuildConfiguration;
			buildSettings = {
				ALWAYS_SEARCH_USER_PATHS = NO;
				CLANG_ANALYZER_NONNULL = YES;
				CLANG_ANALYZER_NUMBER_OBJECT_CONVERSION = YES_AGGRESSIVE;
				CLANG_CXX_LANGUAGE_STANDARD = "gnu++14";
				CLANG_CXX_LIBRARY = "libc++";
				CLANG_ENABLE_MODULES = YES;
				CLANG_ENABLE_OBJC_ARC = YES;
				CLANG_ENABLE_OBJC_WEAK = YES;
				CLANG_WARN_BLOCK_CAPTURE_AUTORELEASING = YES;
				CLANG_WARN_BOOL_CONVERSION = YES;
				CLANG_WARN_COMMA = YES;
				CLANG_WARN_CONSTANT_CONVERSION = YES;
				CLANG_WARN_DEPRECATED_OBJC_IMPLEMENTATIONS = YES;
				CLANG_WARN_DIRECT_OBJC_ISA_USAGE = YES_ERROR;
				CLANG_WARN_DOCUMENTATION_COMMENTS = YES;
				CLANG_WARN_EMPTY_BODY = YES;
				CLANG_WARN_ENUM_CONVERSION = YES;
				CLANG_WARN_INFINITE_RECURSION = YES;
				CLANG_WARN_INT_CONVERSION = YES;
				CLANG_WARN_NON_LITERAL_NULL_CONVERSION = YES;
				CLANG_WARN_OBJC_IMPLICIT_RETAIN_SELF = YES;
				CLANG_WARN_OBJC_LITERAL_CONVERSION = YES;
				CLANG_WARN_OBJC_ROOT_CLASS = YES_ERROR;
				CLANG_WARN_QUOTED_INCLUDE_IN_FRAMEWORK_HEADER = YES;
				CLANG_WARN_RANGE_LOOP_ANALYSIS = YES;
				CLANG_WARN_STRICT_PROTOTYPES = YES;
				CLANG_WARN_SUSPICIOUS_MOVE = YES;
				CLANG_WARN_UNGUARDED_AVAILABILITY = YES_AGGRESSIVE;
				CLANG_WARN_UNREACHABLE_CODE = YES;
				CLANG_WARN__DUPLICATE_METHOD_MATCH = YES;
				COPY_PHASE_STRIP = NO;
				DEBUG_INFORMATION_FORMAT = "dwarf-with-dsym";
				ENABLE_NS_ASSERTIONS = NO;
				ENABLE_STRICT_OBJC_MSGSEND = YES;
				GCC_C_LANGUAGE_STANDARD = gnu11;
				GCC_NO_COMMON_BLOCKS = YES;
				GCC_WARN_64_TO_32_BIT_CONVERSION = YES;
				GCC_WARN_ABOUT_RETURN_TYPE = YES_ERROR;
				GCC_WARN_UNDECLARED_SELECTOR = YES;
				GCC_WARN_UNINITIALIZED_AUTOS = YES_AGGRESSIVE;
				GCC_WARN_UNUSED_FUNCTION = YES;
				GCC_WARN_UNUSED_VARIABLE = YES;
				IPHONEOS_DEPLOYMENT_TARGET = 14.4;
				MTL_ENABLE_DEBUG_INFO = NO;
				MTL_FAST_MATH = YES;
				SDKROOT = iphoneos;
				SWIFT_COMPILATION_MODE = wholemodule;
				SWIFT_OPTIMIZATION_LEVEL = "-O";
				VALIDATE_PRODUCT = YES;
			};
			name = Release;
		};
		F48ACBB8275605540033A8E0 /* Debug */ = {
			isa = XCBuildConfiguration;
			buildSettings = {
				ASSETCATALOG_COMPILER_APPICON_NAME = AppIcon;
				ASSETCATALOG_COMPILER_GLOBAL_ACCENT_COLOR_NAME = AccentColor;
				CODE_SIGN_STYLE = Automatic;
				DEVELOPMENT_TEAM = 47PZ8KX48S;
				INFOPLIST_FILE = SizeClass/Info.plist;
				LD_RUNPATH_SEARCH_PATHS = (
					"$(inherited)",
					"@executable_path/Frameworks",
				);
				PRODUCT_BUNDLE_IDENTIFIER = Straviso.SizeClass;
				PRODUCT_NAME = "$(TARGET_NAME)";
				SWIFT_VERSION = 5.0;
				TARGETED_DEVICE_FAMILY = "1,2";
			};
			name = Debug;
		};
		F48ACBB9275605540033A8E0 /* Release */ = {
			isa = XCBuildConfiguration;
			buildSettings = {
				ASSETCATALOG_COMPILER_APPICON_NAME = AppIcon;
				ASSETCATALOG_COMPILER_GLOBAL_ACCENT_COLOR_NAME = AccentColor;
				CODE_SIGN_STYLE = Automatic;
				DEVELOPMENT_TEAM = 47PZ8KX48S;
				INFOPLIST_FILE = SizeClass/Info.plist;
				LD_RUNPATH_SEARCH_PATHS = (
					"$(inherited)",
					"@executable_path/Frameworks",
				);
				PRODUCT_BUNDLE_IDENTIFIER = Straviso.SizeClass;
				PRODUCT_NAME = "$(TARGET_NAME)";
				SWIFT_VERSION = 5.0;
				TARGETED_DEVICE_FAMILY = "1,2";
			};
			name = Release;
		};
		F48ACBBB275605540033A8E0 /* Debug */ = {
			isa = XCBuildConfiguration;
			buildSettings = {
				ALWAYS_EMBED_SWIFT_STANDARD_LIBRARIES = YES;
				BUNDLE_LOADER = "$(TEST_HOST)";
				CODE_SIGN_STYLE = Automatic;
				DEVELOPMENT_TEAM = 47PZ8KX48S;
				INFOPLIST_FILE = SizeClassTests/Info.plist;
				IPHONEOS_DEPLOYMENT_TARGET = 14.4;
				LD_RUNPATH_SEARCH_PATHS = (
					"$(inherited)",
					"@executable_path/Frameworks",
					"@loader_path/Frameworks",
				);
				PRODUCT_BUNDLE_IDENTIFIER = Straviso.SizeClassTests;
				PRODUCT_NAME = "$(TARGET_NAME)";
				SWIFT_VERSION = 5.0;
				TARGETED_DEVICE_FAMILY = "1,2";
				TEST_HOST = "$(BUILT_PRODUCTS_DIR)/SizeClass.app/SizeClass";
			};
			name = Debug;
		};
		F48ACBBC275605540033A8E0 /* Release */ = {
			isa = XCBuildConfiguration;
			buildSettings = {
				ALWAYS_EMBED_SWIFT_STANDARD_LIBRARIES = YES;
				BUNDLE_LOADER = "$(TEST_HOST)";
				CODE_SIGN_STYLE = Automatic;
				DEVELOPMENT_TEAM = 47PZ8KX48S;
				INFOPLIST_FILE = SizeClassTests/Info.plist;
				IPHONEOS_DEPLOYMENT_TARGET = 14.4;
				LD_RUNPATH_SEARCH_PATHS = (
					"$(inherited)",
					"@executable_path/Frameworks",
					"@loader_path/Frameworks",
				);
				PRODUCT_BUNDLE_IDENTIFIER = Straviso.SizeClassTests;
				PRODUCT_NAME = "$(TARGET_NAME)";
				SWIFT_VERSION = 5.0;
				TARGETED_DEVICE_FAMILY = "1,2";
				TEST_HOST = "$(BUILT_PRODUCTS_DIR)/SizeClass.app/SizeClass";
			};
			name = Release;
		};
		F48ACBBE275605540033A8E0 /* Debug */ = {
			isa = XCBuildConfiguration;
			buildSettings = {
				ALWAYS_EMBED_SWIFT_STANDARD_LIBRARIES = YES;
				CODE_SIGN_STYLE = Automatic;
				DEVELOPMENT_TEAM = 47PZ8KX48S;
				INFOPLIST_FILE = SizeClassUITests/Info.plist;
				LD_RUNPATH_SEARCH_PATHS = (
					"$(inherited)",
					"@executable_path/Frameworks",
					"@loader_path/Frameworks",
				);
				PRODUCT_BUNDLE_IDENTIFIER = Straviso.SizeClassUITests;
				PRODUCT_NAME = "$(TARGET_NAME)";
				SWIFT_VERSION = 5.0;
				TARGETED_DEVICE_FAMILY = "1,2";
				TEST_TARGET_NAME = SizeClass;
			};
			name = Debug;
		};
		F48ACBBF275605540033A8E0 /* Release */ = {
			isa = XCBuildConfiguration;
			buildSettings = {
				ALWAYS_EMBED_SWIFT_STANDARD_LIBRARIES = YES;
				CODE_SIGN_STYLE = Automatic;
				DEVELOPMENT_TEAM = 47PZ8KX48S;
				INFOPLIST_FILE = SizeClassUITests/Info.plist;
				LD_RUNPATH_SEARCH_PATHS = (
					"$(inherited)",
					"@executable_path/Frameworks",
					"@loader_path/Frameworks",
				);
				PRODUCT_BUNDLE_IDENTIFIER = Straviso.SizeClassUITests;
				PRODUCT_NAME = "$(TARGET_NAME)";
				SWIFT_VERSION = 5.0;
				TARGETED_DEVICE_FAMILY = "1,2";
				TEST_TARGET_NAME = SizeClass;
			};
			name = Release;
		};
/* End XCBuildConfiguration section */

/* Begin XCConfigurationList section */
		F48ACB88275605520033A8E0 /* Build configuration list for PBXProject "SizeClass" */ = {
			isa = XCConfigurationList;
			buildConfigurations = (
				F48ACBB5275605540033A8E0 /* Debug */,
				F48ACBB6275605540033A8E0 /* Release */,
			);
			defaultConfigurationIsVisible = 0;
			defaultConfigurationName = Release;
		};
		F48ACBB7275605540033A8E0 /* Build configuration list for PBXNativeTarget "SizeClass" */ = {
			isa = XCConfigurationList;
			buildConfigurations = (
				F48ACBB8275605540033A8E0 /* Debug */,
				F48ACBB9275605540033A8E0 /* Release */,
			);
			defaultConfigurationIsVisible = 0;
			defaultConfigurationName = Release;
		};
		F48ACBBA275605540033A8E0 /* Build configuration list for PBXNativeTarget "SizeClassTests" */ = {
			isa = XCConfigurationList;
			buildConfigurations = (
				F48ACBBB275605540033A8E0 /* Debug */,
				F48ACBBC275605540033A8E0 /* Release */,
			);
			defaultConfigurationIsVisible = 0;
			defaultConfigurationName = Release;
		};
		F48ACBBD275605540033A8E0 /* Build configuration list for PBXNativeTarget "SizeClassUITests" */ = {
			isa = XCConfigurationList;
			buildConfigurations = (
				F48ACBBE275605540033A8E0 /* Debug */,
				F48ACBBF275605540033A8E0 /* Release */,
			);
			defaultConfigurationIsVisible = 0;
			defaultConfigurationName = Release;
		};
/* End XCConfigurationList section */
	};
	rootObject = F48ACB85275605520033A8E0 /* Project object */;
}
